
Microsoft Visual Studio Solution File, Format Version 12.00
# Visual Studio Version 17
VisualStudioVersion = 17.11.35222.181
MinimumVisualStudioVersion = 10.0.40219.1
Project("{888888A0-9F3D-457C-B088-3A5042F75D52}") = "PMI-Diabetic-Classifier", "PMI-Diabetic-Classifier.pyproj", "{5D96289E-08C1-4E44-BB01-64D90F48C8BE}"
EndProject
Global
	GlobalSection(SolutionConfigurationPlatforms) = preSolution
		Debug|Any CPU = Debug|Any CPU
		Release|Any CPU = Release|Any CPU
	EndGlobalSection
	GlobalSection(ProjectConfigurationPlatforms) = postSolution
		{5D96289E-08C1-4E44-BB01-64D90F48C8BE}.Debug|Any CPU.ActiveCfg = Debug|Any CPU
		{5D96289E-08C1-4E44-BB01-64D90F48C8BE}.Release|Any CPU.ActiveCfg = Release|Any CPU
	EndGlobalSection
	GlobalSection(SolutionProperties) = preSolution
		HideSolutionNode = FALSE
	EndGlobalSection
	GlobalSection(ExtensibilityGlobals) = postSolution
		SolutionGuid = {759EB372-7A9F-44A2-B957-AEC472CCB933}
	EndGlobalSection
EndGlobal
